// !$*UTF8*$!
{
	archiveVersion = 1;
	classes = {
	};
	objectVersion = 55;
	objects = {

/* Begin PBXBuildFile section */
		AC1468F028A85FAC0064F6BC /* EarthquakesViewModel.swift in Sources */ = {isa = PBXBuildFile; fileRef = AC1468EF28A85FAC0064F6BC /* EarthquakesViewModel.swift */; };
		AC1468F228A864890064F6BC /* TableViewDataSource.swift in Sources */ = {isa = PBXBuildFile; fileRef = AC1468F128A864890064F6BC /* TableViewDataSource.swift */; };
		AC1468F428A866D90064F6BC /* UITableViewCell+Extension.swift in Sources */ = {isa = PBXBuildFile; fileRef = AC1468F328A866D90064F6BC /* UITableViewCell+Extension.swift */; };
		AC1468F728A8677B0064F6BC /* EarthquakeTableViewCell.swift in Sources */ = {isa = PBXBuildFile; fileRef = AC1468F628A8677B0064F6BC /* EarthquakeTableViewCell.swift */; };
		AC1468F928A867CB0064F6BC /* EarthquakeTableViewCell.xib in Resources */ = {isa = PBXBuildFile; fileRef = AC1468F828A867CB0064F6BC /* EarthquakeTableViewCell.xib */; };
		AC1468FF28A9CEC10064F6BC /* Coordinator.swift in Sources */ = {isa = PBXBuildFile; fileRef = AC1468FE28A9CEC10064F6BC /* Coordinator.swift */; };
		AC14690128A9CF090064F6BC /* AppCoordinator.swift in Sources */ = {isa = PBXBuildFile; fileRef = AC14690028A9CF090064F6BC /* AppCoordinator.swift */; };
		AC14690328A9D0840064F6BC /* UIViewController+Extension.swift in Sources */ = {isa = PBXBuildFile; fileRef = AC14690228A9D0840064F6BC /* UIViewController+Extension.swift */; };
		AC792FD928A4C6000027A05C /* FeatureCollection.swift in Sources */ = {isa = PBXBuildFile; fileRef = AC792FD828A4C6000027A05C /* FeatureCollection.swift */; };
		AC792FDC28A4C8E60027A05C /* Date+Extension.swift in Sources */ = {isa = PBXBuildFile; fileRef = AC792FDB28A4C8E60027A05C /* Date+Extension.swift */; };
		ACA9426628AB744600834F96 /* HomeCoordinator.swift in Sources */ = {isa = PBXBuildFile; fileRef = ACA9426528AB744600834F96 /* HomeCoordinator.swift */; };
		ACA9426828AB7E6200834F96 /* EarthquakeViewData.swift in Sources */ = {isa = PBXBuildFile; fileRef = ACA9426728AB7E6200834F96 /* EarthquakeViewData.swift */; };
		ACA9426A28AB83F300834F96 /* ApiClient.swift in Sources */ = {isa = PBXBuildFile; fileRef = ACA9426928AB83F300834F96 /* ApiClient.swift */; };
		ACF815E728A23FE6002AE858 /* AppDelegate.swift in Sources */ = {isa = PBXBuildFile; fileRef = ACF815E628A23FE6002AE858 /* AppDelegate.swift */; };
		ACF815EB28A23FE6002AE858 /* EarthquakesViewController.swift in Sources */ = {isa = PBXBuildFile; fileRef = ACF815EA28A23FE6002AE858 /* EarthquakesViewController.swift */; };
		ACF815EE28A23FE6002AE858 /* Main.storyboard in Resources */ = {isa = PBXBuildFile; fileRef = ACF815EC28A23FE6002AE858 /* Main.storyboard */; };
		ACF815F028A23FE7002AE858 /* Assets.xcassets in Resources */ = {isa = PBXBuildFile; fileRef = ACF815EF28A23FE7002AE858 /* Assets.xcassets */; };
		ACF815F328A23FE7002AE858 /* LaunchScreen.storyboard in Resources */ = {isa = PBXBuildFile; fileRef = ACF815F128A23FE7002AE858 /* LaunchScreen.storyboard */; };
		ACF8160028A246B8002AE858 /* EarthquakeApiService.swift in Sources */ = {isa = PBXBuildFile; fileRef = ACF815FF28A246B8002AE858 /* EarthquakeApiService.swift */; };
/* End PBXBuildFile section */

/* Begin PBXFileReference section */
		AC1468EF28A85FAC0064F6BC /* EarthquakesViewModel.swift */ = {isa = PBXFileReference; lastKnownFileType = sourcecode.swift; path = EarthquakesViewModel.swift; sourceTree = "<group>"; };
		AC1468F128A864890064F6BC /* TableViewDataSource.swift */ = {isa = PBXFileReference; lastKnownFileType = sourcecode.swift; path = TableViewDataSource.swift; sourceTree = "<group>"; };
		AC1468F328A866D90064F6BC /* UITableViewCell+Extension.swift */ = {isa = PBXFileReference; lastKnownFileType = sourcecode.swift; path = "UITableViewCell+Extension.swift"; sourceTree = "<group>"; };
		AC1468F628A8677B0064F6BC /* EarthquakeTableViewCell.swift */ = {isa = PBXFileReference; lastKnownFileType = sourcecode.swift; path = EarthquakeTableViewCell.swift; sourceTree = "<group>"; };
		AC1468F828A867CB0064F6BC /* EarthquakeTableViewCell.xib */ = {isa = PBXFileReference; lastKnownFileType = file.xib; path = EarthquakeTableViewCell.xib; sourceTree = "<group>"; };
		AC1468FE28A9CEC10064F6BC /* Coordinator.swift */ = {isa = PBXFileReference; lastKnownFileType = sourcecode.swift; path = Coordinator.swift; sourceTree = "<group>"; };
		AC14690028A9CF090064F6BC /* AppCoordinator.swift */ = {isa = PBXFileReference; lastKnownFileType = sourcecode.swift; path = AppCoordinator.swift; sourceTree = "<group>"; };
		AC14690228A9D0840064F6BC /* UIViewController+Extension.swift */ = {isa = PBXFileReference; lastKnownFileType = sourcecode.swift; path = "UIViewController+Extension.swift"; sourceTree = "<group>"; };
		AC792FD828A4C6000027A05C /* FeatureCollection.swift */ = {isa = PBXFileReference; lastKnownFileType = sourcecode.swift; path = FeatureCollection.swift; sourceTree = "<group>"; };
		AC792FDB28A4C8E60027A05C /* Date+Extension.swift */ = {isa = PBXFileReference; lastKnownFileType = sourcecode.swift; path = "Date+Extension.swift"; sourceTree = "<group>"; };
		ACA9426528AB744600834F96 /* HomeCoordinator.swift */ = {isa = PBXFileReference; lastKnownFileType = sourcecode.swift; path = HomeCoordinator.swift; sourceTree = "<group>"; };
		ACA9426728AB7E6200834F96 /* EarthquakeViewData.swift */ = {isa = PBXFileReference; lastKnownFileType = sourcecode.swift; path = EarthquakeViewData.swift; sourceTree = "<group>"; };
		ACA9426928AB83F300834F96 /* ApiClient.swift */ = {isa = PBXFileReference; lastKnownFileType = sourcecode.swift; path = ApiClient.swift; sourceTree = "<group>"; };
		ACF815E328A23FE6002AE858 /* Earthquakes.app */ = {isa = PBXFileReference; explicitFileType = wrapper.application; includeInIndex = 0; path = Earthquakes.app; sourceTree = BUILT_PRODUCTS_DIR; };
		ACF815E628A23FE6002AE858 /* AppDelegate.swift */ = {isa = PBXFileReference; lastKnownFileType = sourcecode.swift; path = AppDelegate.swift; sourceTree = "<group>"; };
		ACF815EA28A23FE6002AE858 /* EarthquakesViewController.swift */ = {isa = PBXFileReference; lastKnownFileType = sourcecode.swift; path = EarthquakesViewController.swift; sourceTree = "<group>"; };
		ACF815ED28A23FE6002AE858 /* Base */ = {isa = PBXFileReference; lastKnownFileType = file.storyboard; name = Base; path = Base.lproj/Main.storyboard; sourceTree = "<group>"; };
		ACF815EF28A23FE7002AE858 /* Assets.xcassets */ = {isa = PBXFileReference; lastKnownFileType = folder.assetcatalog; path = Assets.xcassets; sourceTree = "<group>"; };
		ACF815F228A23FE7002AE858 /* Base */ = {isa = PBXFileReference; lastKnownFileType = file.storyboard; name = Base; path = Base.lproj/LaunchScreen.storyboard; sourceTree = "<group>"; };
		ACF815F428A23FE7002AE858 /* Info.plist */ = {isa = PBXFileReference; lastKnownFileType = text.plist.xml; path = Info.plist; sourceTree = "<group>"; };
		ACF815FF28A246B8002AE858 /* EarthquakeApiService.swift */ = {isa = PBXFileReference; lastKnownFileType = sourcecode.swift; path = EarthquakeApiService.swift; sourceTree = "<group>"; };
/* End PBXFileReference section */

/* Begin PBXFrameworksBuildPhase section */
		ACF815E028A23FE6002AE858 /* Frameworks */ = {
			isa = PBXFrameworksBuildPhase;
			buildActionMask = 2147483647;
			files = (
			);
			runOnlyForDeploymentPostprocessing = 0;
		};
/* End PBXFrameworksBuildPhase section */

/* Begin PBXGroup section */
		AC1468F528A8675C0064F6BC /* TableViewCells */ = {
			isa = PBXGroup;
			children = (
				AC1468F628A8677B0064F6BC /* EarthquakeTableViewCell.swift */,
				AC1468F828A867CB0064F6BC /* EarthquakeTableViewCell.xib */,
			);
			path = TableViewCells;
			sourceTree = "<group>";
		};
		AC1468FA28A9CE6E0064F6BC /* ViewModels */ = {
			isa = PBXGroup;
			children = (
				AC1468EF28A85FAC0064F6BC /* EarthquakesViewModel.swift */,
				ACA9426728AB7E6200834F96 /* EarthquakeViewData.swift */,
			);
			path = ViewModels;
			sourceTree = "<group>";
		};
		AC1468FB28A9CE780064F6BC /* ViewControllers */ = {
			isa = PBXGroup;
			children = (
				ACF815EA28A23FE6002AE858 /* EarthquakesViewController.swift */,
			);
			path = ViewControllers;
			sourceTree = "<group>";
		};
		AC1468FC28A9CE830064F6BC /* Services */ = {
			isa = PBXGroup;
			children = (
				ACF815FF28A246B8002AE858 /* EarthquakeApiService.swift */,
			);
			path = Services;
			sourceTree = "<group>";
		};
		AC1468FD28A9CEA90064F6BC /* Coordinators */ = {
			isa = PBXGroup;
			children = (
				AC1468FE28A9CEC10064F6BC /* Coordinator.swift */,
				AC14690028A9CF090064F6BC /* AppCoordinator.swift */,
				ACA9426528AB744600834F96 /* HomeCoordinator.swift */,
			);
			path = Coordinators;
			sourceTree = "<group>";
		};
		AC792FD728A4C5370027A05C /* Models */ = {
			isa = PBXGroup;
			children = (
				AC792FD828A4C6000027A05C /* FeatureCollection.swift */,
			);
			path = Models;
			sourceTree = "<group>";
		};
		AC792FDA28A4C8CF0027A05C /* Utilities */ = {
			isa = PBXGroup;
			children = (
				AC1468F128A864890064F6BC /* TableViewDataSource.swift */,
				AC792FDB28A4C8E60027A05C /* Date+Extension.swift */,
				AC1468F328A866D90064F6BC /* UITableViewCell+Extension.swift */,
				AC14690228A9D0840064F6BC /* UIViewController+Extension.swift */,
			);
			path = Utilities;
			sourceTree = "<group>";
		};
		ACF815DA28A23FE6002AE858 = {
			isa = PBXGroup;
			children = (
				ACF815E528A23FE6002AE858 /* Earthquakes */,
				ACF815E428A23FE6002AE858 /* Products */,
			);
			sourceTree = "<group>";
		};
		ACF815E428A23FE6002AE858 /* Products */ = {
			isa = PBXGroup;
			children = (
				ACF815E328A23FE6002AE858 /* Earthquakes.app */,
			);
			name = Products;
			sourceTree = "<group>";
		};
		ACF815E528A23FE6002AE858 /* Earthquakes */ = {
			isa = PBXGroup;
			children = (
				AC1468FD28A9CEA90064F6BC /* Coordinators */,
				AC1468FC28A9CE830064F6BC /* Services */,
				AC1468FB28A9CE780064F6BC /* ViewControllers */,
				AC1468FA28A9CE6E0064F6BC /* ViewModels */,
				AC1468F528A8675C0064F6BC /* TableViewCells */,
				AC792FDA28A4C8CF0027A05C /* Utilities */,
				AC792FD728A4C5370027A05C /* Models */,
				ACF815E628A23FE6002AE858 /* AppDelegate.swift */,
				ACA9426928AB83F300834F96 /* ApiClient.swift */,
				ACF815EC28A23FE6002AE858 /* Main.storyboard */,
				ACF815EF28A23FE7002AE858 /* Assets.xcassets */,
				ACF815F128A23FE7002AE858 /* LaunchScreen.storyboard */,
				ACF815F428A23FE7002AE858 /* Info.plist */,
			);
			path = Earthquakes;
			sourceTree = "<group>";
		};
/* End PBXGroup section */

/* Begin PBXNativeTarget section */
		ACF815E228A23FE6002AE858 /* Earthquakes */ = {
			isa = PBXNativeTarget;
			buildConfigurationList = ACF815F728A23FE7002AE858 /* Build configuration list for PBXNativeTarget "Earthquakes" */;
			buildPhases = (
				ACF815DF28A23FE6002AE858 /* Sources */,
				ACF815E028A23FE6002AE858 /* Frameworks */,
				ACF815E128A23FE6002AE858 /* Resources */,
			);
			buildRules = (
			);
			dependencies = (
			);
			name = Earthquakes;
			productName = Earthquakes;
			productReference = ACF815E328A23FE6002AE858 /* Earthquakes.app */;
			productType = "com.apple.product-type.application";
		};
/* End PBXNativeTarget section */

/* Begin PBXProject section */
		ACF815DB28A23FE6002AE858 /* Project object */ = {
			isa = PBXProject;
			attributes = {
				BuildIndependentTargetsInParallel = 1;
				LastSwiftUpdateCheck = 1340;
				LastUpgradeCheck = 1340;
				TargetAttributes = {
					ACF815E228A23FE6002AE858 = {
						CreatedOnToolsVersion = 13.4.1;
					};
				};
			};
			buildConfigurationList = ACF815DE28A23FE6002AE858 /* Build configuration list for PBXProject "Earthquakes" */;
			compatibilityVersion = "Xcode 13.0";
			developmentRegion = en;
			hasScannedForEncodings = 0;
			knownRegions = (
				en,
				Base,
			);
			mainGroup = ACF815DA28A23FE6002AE858;
			productRefGroup = ACF815E428A23FE6002AE858 /* Products */;
			projectDirPath = "";
			projectRoot = "";
			targets = (
				ACF815E228A23FE6002AE858 /* Earthquakes */,
			);
		};
/* End PBXProject section */

/* Begin PBXResourcesBuildPhase section */
		ACF815E128A23FE6002AE858 /* Resources */ = {
			isa = PBXResourcesBuildPhase;
			buildActionMask = 2147483647;
			files = (
				ACF815F328A23FE7002AE858 /* LaunchScreen.storyboard in Resources */,
				ACF815F028A23FE7002AE858 /* Assets.xcassets in Resources */,
				AC1468F928A867CB0064F6BC /* EarthquakeTableViewCell.xib in Resources */,
				ACF815EE28A23FE6002AE858 /* Main.storyboard in Resources */,
			);
			runOnlyForDeploymentPostprocessing = 0;
		};
/* End PBXResourcesBuildPhase section */

/* Begin PBXSourcesBuildPhase section */
		ACF815DF28A23FE6002AE858 /* Sources */ = {
			isa = PBXSourcesBuildPhase;
			buildActionMask = 2147483647;
			files = (
				AC14690128A9CF090064F6BC /* AppCoordinator.swift in Sources */,
				AC14690328A9D0840064F6BC /* UIViewController+Extension.swift in Sources */,
				ACF815EB28A23FE6002AE858 /* EarthquakesViewController.swift in Sources */,
				AC1468F028A85FAC0064F6BC /* EarthquakesViewModel.swift in Sources */,
				AC1468F728A8677B0064F6BC /* EarthquakeTableViewCell.swift in Sources */,
				AC1468F228A864890064F6BC /* TableViewDataSource.swift in Sources */,
				AC792FD928A4C6000027A05C /* FeatureCollection.swift in Sources */,
				AC1468F428A866D90064F6BC /* UITableViewCell+Extension.swift in Sources */,
				ACA9426828AB7E6200834F96 /* EarthquakeViewData.swift in Sources */,
				ACA9426628AB744600834F96 /* HomeCoordinator.swift in Sources */,
				AC1468FF28A9CEC10064F6BC /* Coordinator.swift in Sources */,
				ACF8160028A246B8002AE858 /* EarthquakeApiService.swift in Sources */,
				ACF815E728A23FE6002AE858 /* AppDelegate.swift in Sources */,
				AC792FDC28A4C8E60027A05C /* Date+Extension.swift in Sources */,
				ACA9426A28AB83F300834F96 /* ApiClient.swift in Sources */,
			);
			runOnlyForDeploymentPostprocessing = 0;
		};
/* End PBXSourcesBuildPhase section */

/* Begin PBXVariantGroup section */
		ACF815EC28A23FE6002AE858 /* Main.storyboard */ = {
			isa = PBXVariantGroup;
			children = (
				ACF815ED28A23FE6002AE858 /* Base */,
			);
			name = Main.storyboard;
			sourceTree = "<group>";
		};
		ACF815F128A23FE7002AE858 /* LaunchScreen.storyboard */ = {
			isa = PBXVariantGroup;
			children = (
				ACF815F228A23FE7002AE858 /* Base */,
			);
			name = LaunchScreen.storyboard;
			sourceTree = "<group>";
		};
/* End PBXVariantGroup section */

/* Begin XCBuildConfiguration section */
		ACF815F528A23FE7002AE858 /* Debug */ = {
			isa = XCBuildConfiguration;
			buildSettings = {
				ALWAYS_SEARCH_USER_PATHS = NO;
				CLANG_ANALYZER_NONNULL = YES;
				CLANG_ANALYZER_NUMBER_OBJECT_CONVERSION = YES_AGGRESSIVE;
				CLANG_CXX_LANGUAGE_STANDARD = "gnu++17";
				CLANG_ENABLE_MODULES = YES;
				CLANG_ENABLE_OBJC_ARC = YES;
				CLANG_ENABLE_OBJC_WEAK = YES;
				CLANG_WARN_BLOCK_CAPTURE_AUTORELEASING = YES;
				CLANG_WARN_BOOL_CONVERSION = YES;
				CLANG_WARN_COMMA = YES;
				CLANG_WARN_CONSTANT_CONVERSION = YES;
				CLANG_WARN_DEPRECATED_OBJC_IMPLEMENTATIONS = YES;
				CLANG_WARN_DIRECT_OBJC_ISA_USAGE = YES_ERROR;
				CLANG_WARN_DOCUMENTATION_COMMENTS = YES;
				CLANG_WARN_EMPTY_BODY = YES;
				CLANG_WARN_ENUM_CONVERSION = YES;
				CLANG_WARN_INFINITE_RECURSION = YES;
				CLANG_WARN_INT_CONVERSION = YES;
				CLANG_WARN_NON_LITERAL_NULL_CONVERSION = YES;
				CLANG_WARN_OBJC_IMPLICIT_RETAIN_SELF = YES;
				CLANG_WARN_OBJC_LITERAL_CONVERSION = YES;
				CLANG_WARN_OBJC_ROOT_CLASS = YES_ERROR;
				CLANG_WARN_QUOTED_INCLUDE_IN_FRAMEWORK_HEADER = YES;
				CLANG_WARN_RANGE_LOOP_ANALYSIS = YES;
				CLANG_WARN_STRICT_PROTOTYPES = YES;
				CLANG_WARN_SUSPICIOUS_MOVE = YES;
				CLANG_WARN_UNGUARDED_AVAILABILITY = YES_AGGRESSIVE;
				CLANG_WARN_UNREACHABLE_CODE = YES;
				CLANG_WARN__DUPLICATE_METHOD_MATCH = YES;
				COPY_PHASE_STRIP = NO;
				DEBUG_INFORMATION_FORMAT = dwarf;
				ENABLE_STRICT_OBJC_MSGSEND = YES;
				ENABLE_TESTABILITY = YES;
				GCC_C_LANGUAGE_STANDARD = gnu11;
				GCC_DYNAMIC_NO_PIC = NO;
				GCC_NO_COMMON_BLOCKS = YES;
				GCC_OPTIMIZATION_LEVEL = 0;
				GCC_PREPROCESSOR_DEFINITIONS = (
					"DEBUG=1",
					"$(inherited)",
				);
				GCC_WARN_64_TO_32_BIT_CONVERSION = YES;
				GCC_WARN_ABOUT_RETURN_TYPE = YES_ERROR;
				GCC_WARN_UNDECLARED_SELECTOR = YES;
				GCC_WARN_UNINITIALIZED_AUTOS = YES_AGGRESSIVE;
				GCC_WARN_UNUSED_FUNCTION = YES;
				GCC_WARN_UNUSED_VARIABLE = YES;
				IPHONEOS_DEPLOYMENT_TARGET = 15.5;
				MTL_ENABLE_DEBUG_INFO = INCLUDE_SOURCE;
				MTL_FAST_MATH = YES;
				ONLY_ACTIVE_ARCH = YES;
				SDKROOT = iphoneos;
				SWIFT_ACTIVE_COMPILATION_CONDITIONS = DEBUG;
				SWIFT_OPTIMIZATION_LEVEL = "-Onone";
			};
			name = Debug;
		};
		ACF815F628A23FE7002AE858 /* Release */ = {
			isa = XCBuildConfiguration;
			buildSettings = {
				ALWAYS_SEARCH_USER_PATHS = NO;
				CLANG_ANALYZER_NONNULL = YES;
				CLANG_ANALYZER_NUMBER_OBJECT_CONVERSION = YES_AGGRESSIVE;
				CLANG_CXX_LANGUAGE_STANDARD = "gnu++17";
				CLANG_ENABLE_MODULES = YES;
				CLANG_ENABLE_OBJC_ARC = YES;
				CLANG_ENABLE_OBJC_WEAK = YES;
				CLANG_WARN_BLOCK_CAPTURE_AUTORELEASING = YES;
				CLANG_WARN_BOOL_CONVERSION = YES;
				CLANG_WARN_COMMA = YES;
				CLANG_WARN_CONSTANT_CONVERSION = YES;
				CLANG_WARN_DEPRECATED_OBJC_IMPLEMENTATIONS = YES;
				CLANG_WARN_DIRECT_OBJC_ISA_USAGE = YES_ERROR;
				CLANG_WARN_DOCUMENTATION_COMMENTS = YES;
				CLANG_WARN_EMPTY_BODY = YES;
				CLANG_WARN_ENUM_CONVERSION = YES;
				CLANG_WARN_INFINITE_RECURSION = YES;
				CLANG_WARN_INT_CONVERSION = YES;
				CLANG_WARN_NON_LITERAL_NULL_CONVERSION = YES;
				CLANG_WARN_OBJC_IMPLICIT_RETAIN_SELF = YES;
				CLANG_WARN_OBJC_LITERAL_CONVERSION = YES;
				CLANG_WARN_OBJC_ROOT_CLASS = YES_ERROR;
				CLANG_WARN_QUOTED_INCLUDE_IN_FRAMEWORK_HEADER = YES;
				CLANG_WARN_RANGE_LOOP_ANALYSIS = YES;
				CLANG_WARN_STRICT_PROTOTYPES = YES;
				CLANG_WARN_SUSPICIOUS_MOVE = YES;
				CLANG_WARN_UNGUARDED_AVAILABILITY = YES_AGGRESSIVE;
				CLANG_WARN_UNREACHABLE_CODE = YES;
				CLANG_WARN__DUPLICATE_METHOD_MATCH = YES;
				COPY_PHASE_STRIP = NO;
				DEBUG_INFORMATION_FORMAT = "dwarf-with-dsym";
				ENABLE_NS_ASSERTIONS = NO;
				ENABLE_STRICT_OBJC_MSGSEND = YES;
				GCC_C_LANGUAGE_STANDARD = gnu11;
				GCC_NO_COMMON_BLOCKS = YES;
				GCC_WARN_64_TO_32_BIT_CONVERSION = YES;
				GCC_WARN_ABOUT_RETURN_TYPE = YES_ERROR;
				GCC_WARN_UNDECLARED_SELECTOR = YES;
				GCC_WARN_UNINITIALIZED_AUTOS = YES_AGGRESSIVE;
				GCC_WARN_UNUSED_FUNCTION = YES;
				GCC_WARN_UNUSED_VARIABLE = YES;
				IPHONEOS_DEPLOYMENT_TARGET = 15.5;
				MTL_ENABLE_DEBUG_INFO = NO;
				MTL_FAST_MATH = YES;
				SDKROOT = iphoneos;
				SWIFT_COMPILATION_MODE = wholemodule;
				SWIFT_OPTIMIZATION_LEVEL = "-O";
				VALIDATE_PRODUCT = YES;
			};
			name = Release;
		};
		ACF815F828A23FE7002AE858 /* Debug */ = {
			isa = XCBuildConfiguration;
			buildSettings = {
				ASSETCATALOG_COMPILER_APPICON_NAME = AppIcon;
				ASSETCATALOG_COMPILER_GLOBAL_ACCENT_COLOR_NAME = AccentColor;
				CODE_SIGN_STYLE = Automatic;
				CURRENT_PROJECT_VERSION = 1;
				DEVELOPMENT_TEAM = A828SBS4G2;
				GENERATE_INFOPLIST_FILE = YES;
				INFOPLIST_FILE = Earthquakes/Info.plist;
				INFOPLIST_KEY_UIApplicationSupportsIndirectInputEvents = YES;
				INFOPLIST_KEY_UILaunchStoryboardName = LaunchScreen;
				INFOPLIST_KEY_UISupportedInterfaceOrientations_iPad = "UIInterfaceOrientationPortrait UIInterfaceOrientationPortraitUpsideDown UIInterfaceOrientationLandscapeLeft UIInterfaceOrientationLandscapeRight";
				INFOPLIST_KEY_UISupportedInterfaceOrientations_iPhone = "UIInterfaceOrientationPortrait UIInterfaceOrientationLandscapeLeft UIInterfaceOrientationLandscapeRight UIInterfaceOrientationPortraitUpsideDown";
				IPHONEOS_DEPLOYMENT_TARGET = 13.0;
				LD_RUNPATH_SEARCH_PATHS = (
					"$(inherited)",
					"@executable_path/Frameworks",
				);
				MARKETING_VERSION = 1.0;
				PRODUCT_BUNDLE_IDENTIFIER = com.praveen.Earthquakes;
				PRODUCT_NAME = "$(TARGET_NAME)";
				SWIFT_EMIT_LOC_STRINGS = YES;
				SWIFT_VERSION = 5.0;
				TARGETED_DEVICE_FAMILY = "1,2";
			};
			name = Debug;
		};
		ACF815F928A23FE7002AE858 /* Release */ = {
			isa = XCBuildConfiguration;
			buildSettings = {
				ASSETCATALOG_COMPILER_APPICON_NAME = AppIcon;
				ASSETCATALOG_COMPILER_GLOBAL_ACCENT_COLOR_NAME = AccentColor;
				CODE_SIGN_STYLE = Automatic;
				CURRENT_PROJECT_VERSION = 1;
				DEVELOPMENT_TEAM = A828SBS4G2;
				GENERATE_INFOPLIST_FILE = YES;
				INFOPLIST_FILE = Earthquakes/Info.plist;
				INFOPLIST_KEY_UIApplicationSupportsIndirectInputEvents = YES;
				INFOPLIST_KEY_UILaunchStoryboardName = LaunchScreen;
				INFOPLIST_KEY_UISupportedInterfaceOrientations_iPad = "UIInterfaceOrientationPortrait UIInterfaceOrientationPortraitUpsideDown UIInterfaceOrientationLandscapeLeft UIInterfaceOrientationLandscapeRight";
				INFOPLIST_KEY_UISupportedInterfaceOrientations_iPhone = "UIInterfaceOrientationPortrait UIInterfaceOrientationLandscapeLeft UIInterfaceOrientationLandscapeRight UIInterfaceOrientationPortraitUpsideDown";
				IPHONEOS_DEPLOYMENT_TARGET = 13.0;
				LD_RUNPATH_SEARCH_PATHS = (
					"$(inherited)",
					"@executable_path/Frameworks",
				);
				MARKETING_VERSION = 1.0;
				PRODUCT_BUNDLE_IDENTIFIER = com.praveen.Earthquakes;
				PRODUCT_NAME = "$(TARGET_NAME)";
				SWIFT_EMIT_LOC_STRINGS = YES;
				SWIFT_VERSION = 5.0;
				TARGETED_DEVICE_FAMILY = "1,2";
			};
			name = Release;
		};
/* End XCBuildConfiguration section */

/* Begin XCConfigurationList section */
		ACF815DE28A23FE6002AE858 /* Build configuration list for PBXProject "Earthquakes" */ = {
			isa = XCConfigurationList;
			buildConfigurations = (
				ACF815F528A23FE7002AE858 /* Debug */,
				ACF815F628A23FE7002AE858 /* Release */,
			);
			defaultConfigurationIsVisible = 0;
			defaultConfigurationName = Release;
		};
		ACF815F728A23FE7002AE858 /* Build configuration list for PBXNativeTarget "Earthquakes" */ = {
			isa = XCConfigurationList;
			buildConfigurations = (
				ACF815F828A23FE7002AE858 /* Debug */,
				ACF815F928A23FE7002AE858 /* Release */,
			);
			defaultConfigurationIsVisible = 0;
			defaultConfigurationName = Release;
		};
/* End XCConfigurationList section */
	};
	rootObject = ACF815DB28A23FE6002AE858 /* Project object */;
}
